{
  "name": "castillojohan.github.io",
  "lockfileVersion": 2,
  "requires": true,
  "packages": {
    "": {
      "dependencies": {
        "powerglitch": "^2.3.2"
      }
    },
    "node_modules/powerglitch": {
      "version": "2.3.2",
      "resolved": "https://registry.npmjs.org/powerglitch/-/powerglitch-2.3.2.tgz",
      "integrity": "sha512-nRKMttDRu0aOeu5/rUm0CFvwuaE3b7Klujjn0AIgoLUim0E2+4YpXZ76+2t9cJERQuFZ+7D36ywG7GLtRUSyMQ=="
    }
  },
  "dependencies": {
    "powerglitch": {
      "version": "2.3.2",
      "resolved": "https://registry.npmjs.org/powerglitch/-/powerglitch-2.3.2.tgz",
      "integrity": "sha512-nRKMttDRu0aOeu5/rUm0CFvwuaE3b7Klujjn0AIgoLUim0E2+4YpXZ76+2t9cJERQuFZ+7D36ywG7GLtRUSyMQ=="
    }
  }
}
